
Microsoft Visual Studio Solution File, Format Version 12.00
# Visual Studio Version 17
VisualStudioVersion = 17.0.31903.59
MinimumVisualStudioVersion = 10.0.40219.1
Project("{2150E333-8FDC-42A3-9474-1A3956D46DE8}") = "src", "src", "{827E0CD3-B72D-47B6-A68D-7590B98EB39B}"
EndProject
Project("{2150E333-8FDC-42A3-9474-1A3956D46DE8}") = "BuildingBlocks", "BuildingBlocks", "{90298CBA-BD6F-3A0A-69D5-97CAD7B05E7E}"
EndProject
Project("{2150E333-8FDC-42A3-9474-1A3956D46DE8}") = "BusSystem.Common", "BusSystem.Common", "{69A73486-00F5-D158-A80D-B39FCB0017F8}"
EndProject
Project("{FAE04EC0-301F-11D3-BF4B-00C04F79EFBC}") = "BusSystem.Common", "src\BuildingBlocks\BusSystem.Common\BusSystem.Common\BusSystem.Common.csproj", "{DAD76609-540B-4A2F-B073-C0173F3C9603}"
EndProject
Project("{2150E333-8FDC-42A3-9474-1A3956D46DE8}") = "BusSystem.EventBus", "BusSystem.EventBus", "{B71FF752-F41F-54B9-9D7D-AAD7F782D18F}"
EndProject
Project("{FAE04EC0-301F-11D3-BF4B-00C04F79EFBC}") = "BusSystem.EventBus", "src\BuildingBlocks\BusSystem.EventBus\BusSystem.EventBus\BusSystem.EventBus.csproj", "{6EBA710D-6C9F-45BF-BC31-63AB17F0ACE9}"
EndProject
Project("{2150E333-8FDC-42A3-9474-1A3956D46DE8}") = "Services", "Services", "{984BB9B3-3FA3-BE33-9484-CAC21695A33C}"
EndProject
Project("{2150E333-8FDC-42A3-9474-1A3956D46DE8}") = "Identity", "Identity", "{1BFC9479-12BF-35C3-06B8-42D89D95092B}"
EndProject
Project("{FAE04EC0-301F-11D3-BF4B-00C04F79EFBC}") = "BusSystem.Identity.API", "src\Services\Identity\BusSystem.Identity.API\BusSystem.Identity.API.csproj", "{54A133AD-BAB9-430F-83E3-6477DCFB35AD}"
EndProject
Project("{2150E333-8FDC-42A3-9474-1A3956D46DE8}") = "Bus", "Bus", "{EB71892C-93A9-5652-F9B1-F3E55AEF4110}"
EndProject
Project("{FAE04EC0-301F-11D3-BF4B-00C04F79EFBC}") = "BusSystem.Bus.API", "src\Services\Bus\BusSystem.Bus.API\BusSystem.Bus.API.csproj", "{B74DB8E3-106A-45C9-8BB6-D272E597A7C4}"
EndProject
Project("{2150E333-8FDC-42A3-9474-1A3956D46DE8}") = "Menu", "Menu", "{4678B932-6214-066A-07FD-5E217802A2A5}"
EndProject
Project("{FAE04EC0-301F-11D3-BF4B-00C04F79EFBC}") = "BusSystem.Menu.API", "src\Services\Menu\BusSystem.Menu.API\BusSystem.Menu.API.csproj", "{83D9ABF6-285F-4AA6-B6F5-B684DF0FE6B7}"
EndProject
Project("{2150E333-8FDC-42A3-9474-1A3956D46DE8}") = "FileStorage", "FileStorage", "{A3366C84-D65D-1C46-F00E-7B34F1A4F7E6}"
EndProject
Project("{FAE04EC0-301F-11D3-BF4B-00C04F79EFBC}") = "BusSystem.FileStorage.API", "src\Services\FileStorage\BusSystem.FileStorage.API\BusSystem.FileStorage.API.csproj", "{C3065710-D148-459C-AE48-71A5E3C25DBB}"
EndProject
Project("{2150E333-8FDC-42A3-9474-1A3956D46DE8}") = "WebApps", "WebApps", "{613E942C-7C9C-5766-673B-EDDCEA89CDF9}"
EndProject
Project("{FAE04EC0-301F-11D3-BF4B-00C04F79EFBC}") = "BusSystem.Web", "src\WebApps\BusSystem.Web\BusSystem.Web.csproj", "{390C3483-6AAF-4440-B3C2-A629E23D9BB8}"
EndProject
Project("{FAE04EC0-301F-11D3-BF4B-00C04F79EFBC}") = "BusSystem.Admin.Web", "src\WebApps\BusSystem.Admin.Web\BusSystem.Admin.Web.csproj", "{A10EF533-AF72-4C4A-A870-3FF5D1101413}"
EndProject
Global
	GlobalSection(SolutionConfigurationPlatforms) = preSolution
		Debug|Any CPU = Debug|Any CPU
		Debug|x64 = Debug|x64
		Debug|x86 = Debug|x86
		Release|Any CPU = Release|Any CPU
		Release|x64 = Release|x64
		Release|x86 = Release|x86
	EndGlobalSection
	GlobalSection(ProjectConfigurationPlatforms) = postSolution
		{DAD76609-540B-4A2F-B073-C0173F3C9603}.Debug|Any CPU.ActiveCfg = Debug|Any CPU
		{DAD76609-540B-4A2F-B073-C0173F3C9603}.Debug|Any CPU.Build.0 = Debug|Any CPU
		{DAD76609-540B-4A2F-B073-C0173F3C9603}.Debug|x64.ActiveCfg = Debug|Any CPU
		{DAD76609-540B-4A2F-B073-C0173F3C9603}.Debug|x64.Build.0 = Debug|Any CPU
		{DAD76609-540B-4A2F-B073-C0173F3C9603}.Debug|x86.ActiveCfg = Debug|Any CPU
		{DAD76609-540B-4A2F-B073-C0173F3C9603}.Debug|x86.Build.0 = Debug|Any CPU
		{DAD76609-540B-4A2F-B073-C0173F3C9603}.Release|Any CPU.ActiveCfg = Release|Any CPU
		{DAD76609-540B-4A2F-B073-C0173F3C9603}.Release|Any CPU.Build.0 = Release|Any CPU
		{DAD76609-540B-4A2F-B073-C0173F3C9603}.Release|x64.ActiveCfg = Release|Any CPU
		{DAD76609-540B-4A2F-B073-C0173F3C9603}.Release|x64.Build.0 = Release|Any CPU
		{DAD76609-540B-4A2F-B073-C0173F3C9603}.Release|x86.ActiveCfg = Release|Any CPU
		{DAD76609-540B-4A2F-B073-C0173F3C9603}.Release|x86.Build.0 = Release|Any CPU
		{6EBA710D-6C9F-45BF-BC31-63AB17F0ACE9}.Debug|Any CPU.ActiveCfg = Debug|Any CPU
		{6EBA710D-6C9F-45BF-BC31-63AB17F0ACE9}.Debug|Any CPU.Build.0 = Debug|Any CPU
		{6EBA710D-6C9F-45BF-BC31-63AB17F0ACE9}.Debug|x64.ActiveCfg = Debug|Any CPU
		{6EBA710D-6C9F-45BF-BC31-63AB17F0ACE9}.Debug|x64.Build.0 = Debug|Any CPU
		{6EBA710D-6C9F-45BF-BC31-63AB17F0ACE9}.Debug|x86.ActiveCfg = Debug|Any CPU
		{6EBA710D-6C9F-45BF-BC31-63AB17F0ACE9}.Debug|x86.Build.0 = Debug|Any CPU
		{6EBA710D-6C9F-45BF-BC31-63AB17F0ACE9}.Release|Any CPU.ActiveCfg = Release|Any CPU
		{6EBA710D-6C9F-45BF-BC31-63AB17F0ACE9}.Release|Any CPU.Build.0 = Release|Any CPU
		{6EBA710D-6C9F-45BF-BC31-63AB17F0ACE9}.Release|x64.ActiveCfg = Release|Any CPU
		{6EBA710D-6C9F-45BF-BC31-63AB17F0ACE9}.Release|x64.Build.0 = Release|Any CPU
		{6EBA710D-6C9F-45BF-BC31-63AB17F0ACE9}.Release|x86.ActiveCfg = Release|Any CPU
		{6EBA710D-6C9F-45BF-BC31-63AB17F0ACE9}.Release|x86.Build.0 = Release|Any CPU
		{54A133AD-BAB9-430F-83E3-6477DCFB35AD}.Debug|Any CPU.ActiveCfg = Debug|Any CPU
		{54A133AD-BAB9-430F-83E3-6477DCFB35AD}.Debug|Any CPU.Build.0 = Debug|Any CPU
		{54A133AD-BAB9-430F-83E3-6477DCFB35AD}.Debug|x64.ActiveCfg = Debug|Any CPU
		{54A133AD-BAB9-430F-83E3-6477DCFB35AD}.Debug|x64.Build.0 = Debug|Any CPU
		{54A133AD-BAB9-430F-83E3-6477DCFB35AD}.Debug|x86.ActiveCfg = Debug|Any CPU
		{54A133AD-BAB9-430F-83E3-6477DCFB35AD}.Debug|x86.Build.0 = Debug|Any CPU
		{54A133AD-BAB9-430F-83E3-6477DCFB35AD}.Release|Any CPU.ActiveCfg = Release|Any CPU
		{54A133AD-BAB9-430F-83E3-6477DCFB35AD}.Release|Any CPU.Build.0 = Release|Any CPU
		{54A133AD-BAB9-430F-83E3-6477DCFB35AD}.Release|x64.ActiveCfg = Release|Any CPU
		{54A133AD-BAB9-430F-83E3-6477DCFB35AD}.Release|x64.Build.0 = Release|Any CPU
		{54A133AD-BAB9-430F-83E3-6477DCFB35AD}.Release|x86.ActiveCfg = Release|Any CPU
		{54A133AD-BAB9-430F-83E3-6477DCFB35AD}.Release|x86.Build.0 = Release|Any CPU
		{B74DB8E3-106A-45C9-8BB6-D272E597A7C4}.Debug|Any CPU.ActiveCfg = Debug|Any CPU
		{B74DB8E3-106A-45C9-8BB6-D272E597A7C4}.Debug|Any CPU.Build.0 = Debug|Any CPU
		{B74DB8E3-106A-45C9-8BB6-D272E597A7C4}.Debug|x64.ActiveCfg = Debug|Any CPU
		{B74DB8E3-106A-45C9-8BB6-D272E597A7C4}.Debug|x64.Build.0 = Debug|Any CPU
		{B74DB8E3-106A-45C9-8BB6-D272E597A7C4}.Debug|x86.ActiveCfg = Debug|Any CPU
		{B74DB8E3-106A-45C9-8BB6-D272E597A7C4}.Debug|x86.Build.0 = Debug|Any CPU
		{B74DB8E3-106A-45C9-8BB6-D272E597A7C4}.Release|Any CPU.ActiveCfg = Release|Any CPU
		{B74DB8E3-106A-45C9-8BB6-D272E597A7C4}.Release|Any CPU.Build.0 = Release|Any CPU
		{B74DB8E3-106A-45C9-8BB6-D272E597A7C4}.Release|x64.ActiveCfg = Release|Any CPU
		{B74DB8E3-106A-45C9-8BB6-D272E597A7C4}.Release|x64.Build.0 = Release|Any CPU
		{B74DB8E3-106A-45C9-8BB6-D272E597A7C4}.Release|x86.ActiveCfg = Release|Any CPU
		{B74DB8E3-106A-45C9-8BB6-D272E597A7C4}.Release|x86.Build.0 = Release|Any CPU
		{83D9ABF6-285F-4AA6-B6F5-B684DF0FE6B7}.Debug|Any CPU.ActiveCfg = Debug|Any CPU
		{83D9ABF6-285F-4AA6-B6F5-B684DF0FE6B7}.Debug|Any CPU.Build.0 = Debug|Any CPU
		{83D9ABF6-285F-4AA6-B6F5-B684DF0FE6B7}.Debug|x64.ActiveCfg = Debug|Any CPU
		{83D9ABF6-285F-4AA6-B6F5-B684DF0FE6B7}.Debug|x64.Build.0 = Debug|Any CPU
		{83D9ABF6-285F-4AA6-B6F5-B684DF0FE6B7}.Debug|x86.ActiveCfg = Debug|Any CPU
		{83D9ABF6-285F-4AA6-B6F5-B684DF0FE6B7}.Debug|x86.Build.0 = Debug|Any CPU
		{83D9ABF6-285F-4AA6-B6F5-B684DF0FE6B7}.Release|Any CPU.ActiveCfg = Release|Any CPU
		{83D9ABF6-285F-4AA6-B6F5-B684DF0FE6B7}.Release|Any CPU.Build.0 = Release|Any CPU
		{83D9ABF6-285F-4AA6-B6F5-B684DF0FE6B7}.Release|x64.ActiveCfg = Release|Any CPU
		{83D9ABF6-285F-4AA6-B6F5-B684DF0FE6B7}.Release|x64.Build.0 = Release|Any CPU
		{83D9ABF6-285F-4AA6-B6F5-B684DF0FE6B7}.Release|x86.ActiveCfg = Release|Any CPU
		{83D9ABF6-285F-4AA6-B6F5-B684DF0FE6B7}.Release|x86.Build.0 = Release|Any CPU
		{C3065710-D148-459C-AE48-71A5E3C25DBB}.Debug|Any CPU.ActiveCfg = Debug|Any CPU
		{C3065710-D148-459C-AE48-71A5E3C25DBB}.Debug|Any CPU.Build.0 = Debug|Any CPU
		{C3065710-D148-459C-AE48-71A5E3C25DBB}.Debug|x64.ActiveCfg = Debug|Any CPU
		{C3065710-D148-459C-AE48-71A5E3C25DBB}.Debug|x64.Build.0 = Debug|Any CPU
		{C3065710-D148-459C-AE48-71A5E3C25DBB}.Debug|x86.ActiveCfg = Debug|Any CPU
		{C3065710-D148-459C-AE48-71A5E3C25DBB}.Debug|x86.Build.0 = Debug|Any CPU
		{C3065710-D148-459C-AE48-71A5E3C25DBB}.Release|Any CPU.ActiveCfg = Release|Any CPU
		{C3065710-D148-459C-AE48-71A5E3C25DBB}.Release|Any CPU.Build.0 = Release|Any CPU
		{C3065710-D148-459C-AE48-71A5E3C25DBB}.Release|x64.ActiveCfg = Release|Any CPU
		{C3065710-D148-459C-AE48-71A5E3C25DBB}.Release|x64.Build.0 = Release|Any CPU
		{C3065710-D148-459C-AE48-71A5E3C25DBB}.Release|x86.ActiveCfg = Release|Any CPU
		{C3065710-D148-459C-AE48-71A5E3C25DBB}.Release|x86.Build.0 = Release|Any CPU
		{390C3483-6AAF-4440-B3C2-A629E23D9BB8}.Debug|Any CPU.ActiveCfg = Debug|Any CPU
		{390C3483-6AAF-4440-B3C2-A629E23D9BB8}.Debug|Any CPU.Build.0 = Debug|Any CPU
		{390C3483-6AAF-4440-B3C2-A629E23D9BB8}.Debug|x64.ActiveCfg = Debug|Any CPU
		{390C3483-6AAF-4440-B3C2-A629E23D9BB8}.Debug|x64.Build.0 = Debug|Any CPU
		{390C3483-6AAF-4440-B3C2-A629E23D9BB8}.Debug|x86.ActiveCfg = Debug|Any CPU
		{390C3483-6AAF-4440-B3C2-A629E23D9BB8}.Debug|x86.Build.0 = Debug|Any CPU
		{390C3483-6AAF-4440-B3C2-A629E23D9BB8}.Release|Any CPU.ActiveCfg = Release|Any CPU
		{390C3483-6AAF-4440-B3C2-A629E23D9BB8}.Release|Any CPU.Build.0 = Release|Any CPU
		{390C3483-6AAF-4440-B3C2-A629E23D9BB8}.Release|x64.ActiveCfg = Release|Any CPU
		{390C3483-6AAF-4440-B3C2-A629E23D9BB8}.Release|x64.Build.0 = Release|Any CPU
		{390C3483-6AAF-4440-B3C2-A629E23D9BB8}.Release|x86.ActiveCfg = Release|Any CPU
		{390C3483-6AAF-4440-B3C2-A629E23D9BB8}.Release|x86.Build.0 = Release|Any CPU
		{A10EF533-AF72-4C4A-A870-3FF5D1101413}.Debug|Any CPU.ActiveCfg = Debug|Any CPU
		{A10EF533-AF72-4C4A-A870-3FF5D1101413}.Debug|Any CPU.Build.0 = Debug|Any CPU
		{A10EF533-AF72-4C4A-A870-3FF5D1101413}.Debug|x64.ActiveCfg = Debug|Any CPU
		{A10EF533-AF72-4C4A-A870-3FF5D1101413}.Debug|x64.Build.0 = Debug|Any CPU
		{A10EF533-AF72-4C4A-A870-3FF5D1101413}.Debug|x86.ActiveCfg = Debug|Any CPU
		{A10EF533-AF72-4C4A-A870-3FF5D1101413}.Debug|x86.Build.0 = Debug|Any CPU
		{A10EF533-AF72-4C4A-A870-3FF5D1101413}.Release|Any CPU.ActiveCfg = Release|Any CPU
		{A10EF533-AF72-4C4A-A870-3FF5D1101413}.Release|Any CPU.Build.0 = Release|Any CPU
		{A10EF533-AF72-4C4A-A870-3FF5D1101413}.Release|x64.ActiveCfg = Release|Any CPU
		{A10EF533-AF72-4C4A-A870-3FF5D1101413}.Release|x64.Build.0 = Release|Any CPU
		{A10EF533-AF72-4C4A-A870-3FF5D1101413}.Release|x86.ActiveCfg = Release|Any CPU
		{A10EF533-AF72-4C4A-A870-3FF5D1101413}.Release|x86.Build.0 = Release|Any CPU
	EndGlobalSection
	GlobalSection(SolutionProperties) = preSolution
		HideSolutionNode = FALSE
	EndGlobalSection
	GlobalSection(NestedProjects) = preSolution
		{90298CBA-BD6F-3A0A-69D5-97CAD7B05E7E} = {827E0CD3-B72D-47B6-A68D-7590B98EB39B}
		{69A73486-00F5-D158-A80D-B39FCB0017F8} = {90298CBA-BD6F-3A0A-69D5-97CAD7B05E7E}
		{DAD76609-540B-4A2F-B073-C0173F3C9603} = {69A73486-00F5-D158-A80D-B39FCB0017F8}
		{B71FF752-F41F-54B9-9D7D-AAD7F782D18F} = {90298CBA-BD6F-3A0A-69D5-97CAD7B05E7E}
		{6EBA710D-6C9F-45BF-BC31-63AB17F0ACE9} = {B71FF752-F41F-54B9-9D7D-AAD7F782D18F}
		{984BB9B3-3FA3-BE33-9484-CAC21695A33C} = {827E0CD3-B72D-47B6-A68D-7590B98EB39B}
		{1BFC9479-12BF-35C3-06B8-42D89D95092B} = {984BB9B3-3FA3-BE33-9484-CAC21695A33C}
		{54A133AD-BAB9-430F-83E3-6477DCFB35AD} = {1BFC9479-12BF-35C3-06B8-42D89D95092B}
		{EB71892C-93A9-5652-F9B1-F3E55AEF4110} = {984BB9B3-3FA3-BE33-9484-CAC21695A33C}
		{B74DB8E3-106A-45C9-8BB6-D272E597A7C4} = {EB71892C-93A9-5652-F9B1-F3E55AEF4110}
		{4678B932-6214-066A-07FD-5E217802A2A5} = {984BB9B3-3FA3-BE33-9484-CAC21695A33C}
		{83D9ABF6-285F-4AA6-B6F5-B684DF0FE6B7} = {4678B932-6214-066A-07FD-5E217802A2A5}
		{A3366C84-D65D-1C46-F00E-7B34F1A4F7E6} = {984BB9B3-3FA3-BE33-9484-CAC21695A33C}
		{C3065710-D148-459C-AE48-71A5E3C25DBB} = {A3366C84-D65D-1C46-F00E-7B34F1A4F7E6}
		{613E942C-7C9C-5766-673B-EDDCEA89CDF9} = {827E0CD3-B72D-47B6-A68D-7590B98EB39B}
		{390C3483-6AAF-4440-B3C2-A629E23D9BB8} = {613E942C-7C9C-5766-673B-EDDCEA89CDF9}
		{A10EF533-AF72-4C4A-A870-3FF5D1101413} = {613E942C-7C9C-5766-673B-EDDCEA89CDF9}
	EndGlobalSection
EndGlobal
